
Microsoft Visual Studio Solution File, Format Version 12.00
# Visual Studio 15
VisualStudioVersion = 15.0.28307.1321
MinimumVisualStudioVersion = 10.0.40219.1
Project("{FAE04EC0-301F-11D3-BF4B-00C04F79EFBC}") = "ZES.Interfaces", "ZES.Interfaces\ZES.Interfaces.csproj", "{76E5DCA0-5E45-4FE1-840C-5CB615470DA3}"
EndProject
Project("{FAE04EC0-301F-11D3-BF4B-00C04F79EFBC}") = "ZES.Infrastructure", "ZES.Infrastructure\ZES.Infrastructure.csproj", "{29B7456F-F3DD-405E-8C4F-F90BDF24BF23}"
EndProject
Project("{FAE04EC0-301F-11D3-BF4B-00C04F79EFBC}") = "ZES.Tests", "ZES.Tests\ZES.Tests.csproj", "{1B29EB38-CFED-4B10-A0AF-7C1B32C8CF7C}"
EndProject
Project("{FAE04EC0-301F-11D3-BF4B-00C04F79EFBC}") = "ZES", "ZES\ZES.csproj", "{64456FBC-4A59-4EF9-BAAE-69467F9884CF}"
EndProject
Project("{FAE04EC0-301F-11D3-BF4B-00C04F79EFBC}") = "ZES.Tests.Domain", "ZES.Tests.Domain\ZES.Tests.Domain.csproj", "{2713F636-E151-46BA-B224-1E811CED91AD}"
EndProject
Project("{FAE04EC0-301F-11D3-BF4B-00C04F79EFBC}") = "ZES.GraphQL.AspNetCore", "ZES.GraphQL.AspNetCore\ZES.GraphQL.AspNetCore.csproj", "{E760F7B3-81B7-400B-B40A-9A9669775B6E}"
EndProject
Project("{FAE04EC0-301F-11D3-BF4B-00C04F79EFBC}") = "ZES.GraphQL", "ZES.GraphQL\ZES.GraphQL.csproj", "{C2D44C0E-03AD-4815-8063-7F78055800F1}"
EndProject
Project("{FAE04EC0-301F-11D3-BF4B-00C04F79EFBC}") = "ZES.Replay", "ZES.Replay\ZES.Replay.csproj", "{282DC0FA-6340-4A87-9E7B-646ACEA8C1D7}"
EndProject
Global
	GlobalSection(SolutionConfigurationPlatforms) = preSolution
		Debug|Any CPU = Debug|Any CPU
		Release|Any CPU = Release|Any CPU
		DebugLocal|Any CPU = DebugLocal|Any CPU
	EndGlobalSection
	GlobalSection(ProjectConfigurationPlatforms) = postSolution
		{76E5DCA0-5E45-4FE1-840C-5CB615470DA3}.Debug|Any CPU.ActiveCfg = Debug|Any CPU
		{76E5DCA0-5E45-4FE1-840C-5CB615470DA3}.Debug|Any CPU.Build.0 = Debug|Any CPU
		{76E5DCA0-5E45-4FE1-840C-5CB615470DA3}.Release|Any CPU.ActiveCfg = Release|Any CPU
		{76E5DCA0-5E45-4FE1-840C-5CB615470DA3}.Release|Any CPU.Build.0 = Release|Any CPU
		{76E5DCA0-5E45-4FE1-840C-5CB615470DA3}.DebugLocal|Any CPU.ActiveCfg = DebugLocal|Any CPU
		{76E5DCA0-5E45-4FE1-840C-5CB615470DA3}.DebugLocal|Any CPU.Build.0 = DebugLocal|Any CPU
		{29B7456F-F3DD-405E-8C4F-F90BDF24BF23}.Debug|Any CPU.ActiveCfg = Debug|Any CPU
		{29B7456F-F3DD-405E-8C4F-F90BDF24BF23}.Debug|Any CPU.Build.0 = Debug|Any CPU
		{29B7456F-F3DD-405E-8C4F-F90BDF24BF23}.Release|Any CPU.ActiveCfg = Release|Any CPU
		{29B7456F-F3DD-405E-8C4F-F90BDF24BF23}.Release|Any CPU.Build.0 = Release|Any CPU
		{29B7456F-F3DD-405E-8C4F-F90BDF24BF23}.DebugLocal|Any CPU.ActiveCfg = DebugLocal|Any CPU
		{29B7456F-F3DD-405E-8C4F-F90BDF24BF23}.DebugLocal|Any CPU.Build.0 = DebugLocal|Any CPU
		{1B29EB38-CFED-4B10-A0AF-7C1B32C8CF7C}.Debug|Any CPU.ActiveCfg = Debug|Any CPU
		{1B29EB38-CFED-4B10-A0AF-7C1B32C8CF7C}.Debug|Any CPU.Build.0 = Debug|Any CPU
		{1B29EB38-CFED-4B10-A0AF-7C1B32C8CF7C}.Release|Any CPU.ActiveCfg = Release|Any CPU
		{1B29EB38-CFED-4B10-A0AF-7C1B32C8CF7C}.Release|Any CPU.Build.0 = Release|Any CPU
		{1B29EB38-CFED-4B10-A0AF-7C1B32C8CF7C}.DebugLocal|Any CPU.ActiveCfg = DebugLocal|Any CPU
		{1B29EB38-CFED-4B10-A0AF-7C1B32C8CF7C}.DebugLocal|Any CPU.Build.0 = DebugLocal|Any CPU
		{64456FBC-4A59-4EF9-BAAE-69467F9884CF}.Debug|Any CPU.ActiveCfg = Debug|Any CPU
		{64456FBC-4A59-4EF9-BAAE-69467F9884CF}.Debug|Any CPU.Build.0 = Debug|Any CPU
		{64456FBC-4A59-4EF9-BAAE-69467F9884CF}.Release|Any CPU.ActiveCfg = Release|Any CPU
		{64456FBC-4A59-4EF9-BAAE-69467F9884CF}.Release|Any CPU.Build.0 = Release|Any CPU
		{64456FBC-4A59-4EF9-BAAE-69467F9884CF}.DebugLocal|Any CPU.ActiveCfg = DebugLocal|Any CPU
		{64456FBC-4A59-4EF9-BAAE-69467F9884CF}.DebugLocal|Any CPU.Build.0 = DebugLocal|Any CPU
		{2713F636-E151-46BA-B224-1E811CED91AD}.Debug|Any CPU.ActiveCfg = Debug|Any CPU
		{2713F636-E151-46BA-B224-1E811CED91AD}.Debug|Any CPU.Build.0 = Debug|Any CPU
		{2713F636-E151-46BA-B224-1E811CED91AD}.Release|Any CPU.ActiveCfg = Release|Any CPU
		{2713F636-E151-46BA-B224-1E811CED91AD}.Release|Any CPU.Build.0 = Release|Any CPU
		{2713F636-E151-46BA-B224-1E811CED91AD}.DebugLocal|Any CPU.ActiveCfg = DebugLocal|Any CPU
		{2713F636-E151-46BA-B224-1E811CED91AD}.DebugLocal|Any CPU.Build.0 = DebugLocal|Any CPU
		{E760F7B3-81B7-400B-B40A-9A9669775B6E}.Debug|Any CPU.ActiveCfg = Debug|Any CPU
		{E760F7B3-81B7-400B-B40A-9A9669775B6E}.Debug|Any CPU.Build.0 = Debug|Any CPU
		{E760F7B3-81B7-400B-B40A-9A9669775B6E}.Release|Any CPU.ActiveCfg = Release|Any CPU
		{E760F7B3-81B7-400B-B40A-9A9669775B6E}.Release|Any CPU.Build.0 = Release|Any CPU
		{E760F7B3-81B7-400B-B40A-9A9669775B6E}.DebugLocal|Any CPU.ActiveCfg = DebugLocal|Any CPU
		{E760F7B3-81B7-400B-B40A-9A9669775B6E}.DebugLocal|Any CPU.Build.0 = DebugLocal|Any CPU
		{C2D44C0E-03AD-4815-8063-7F78055800F1}.Debug|Any CPU.ActiveCfg = Debug|Any CPU
		{C2D44C0E-03AD-4815-8063-7F78055800F1}.Debug|Any CPU.Build.0 = Debug|Any CPU
		{C2D44C0E-03AD-4815-8063-7F78055800F1}.Release|Any CPU.ActiveCfg = Release|Any CPU
		{C2D44C0E-03AD-4815-8063-7F78055800F1}.Release|Any CPU.Build.0 = Release|Any CPU
		{C2D44C0E-03AD-4815-8063-7F78055800F1}.DebugLocal|Any CPU.ActiveCfg = DebugLocal|Any CPU
		{C2D44C0E-03AD-4815-8063-7F78055800F1}.DebugLocal|Any CPU.Build.0 = DebugLocal|Any CPU
		{282DC0FA-6340-4A87-9E7B-646ACEA8C1D7}.Debug|Any CPU.ActiveCfg = Debug|Any CPU
		{282DC0FA-6340-4A87-9E7B-646ACEA8C1D7}.Debug|Any CPU.Build.0 = Debug|Any CPU
		{282DC0FA-6340-4A87-9E7B-646ACEA8C1D7}.Release|Any CPU.ActiveCfg = Release|Any CPU
		{282DC0FA-6340-4A87-9E7B-646ACEA8C1D7}.Release|Any CPU.Build.0 = Release|Any CPU
		{282DC0FA-6340-4A87-9E7B-646ACEA8C1D7}.DebugLocal|Any CPU.ActiveCfg = DebugLocal|Any CPU
		{282DC0FA-6340-4A87-9E7B-646ACEA8C1D7}.DebugLocal|Any CPU.Build.0 = DebugLocal|Any CPU
	EndGlobalSection
	GlobalSection(SolutionProperties) = preSolution
		HideSolutionNode = FALSE
	EndGlobalSection
	GlobalSection(ExtensibilityGlobals) = postSolution
		SolutionGuid = {28B84A70-083C-473F-BB5C-77EBF1A728C1}
	EndGlobalSection
EndGlobal
